
Microsoft Visual Studio Solution File, Format Version 12.00
# Visual Studio Version 17
VisualStudioVersion = 17.10.34928.147
MinimumVisualStudioVersion = 10.0.40219.1
Project("{2150E333-8FDC-42A3-9474-1A3956D46DE8}") = "Solution Items", "Solution Items", "{86D59547-08CB-4640-AED2-FF018A347F13}"
	ProjectSection(SolutionItems) = preProject
		docker-compose.Dev.Infrastructure.yaml = docker-compose.Dev.Infrastructure.yaml
	EndProjectSection
EndProject
Project("{2150E333-8FDC-42A3-9474-1A3956D46DE8}") = "src", "src", "{08389EBA-7CAD-40AB-AC15-C42B3D1C7AE7}"
EndProject
Project("{9A19103F-16F7-4668-BE54-9A1E7A4F7556}") = "Allen.API", "src\Allen.API\Allen.API.csproj", "{081B123E-0564-42E0-A84E-66E83AB33336}"
EndProject
Project("{9A19103F-16F7-4668-BE54-9A1E7A4F7556}") = "Allen.Common", "src\Allen.Common\Allen.Common.csproj", "{710BA642-40D2-451F-B2CD-F0D5618F151B}"
EndProject
Project("{9A19103F-16F7-4668-BE54-9A1E7A4F7556}") = "Allen.Infrastructure", "src\Allen.Infrastructure\Allen.Infrastructure.csproj", "{2F440802-E04D-41B8-98A3-8214E9659898}"
EndProject
Project("{9A19103F-16F7-4668-BE54-9A1E7A4F7556}") = "Allen.Application", "src\Allen.Application\Allen.Application.csproj", "{02A7467B-6732-4F47-85DD-CCEB8CBF59C9}"
EndProject
Project("{9A19103F-16F7-4668-BE54-9A1E7A4F7556}") = "Allen.Domain", "src\Allen.Domain\Allen.Domain.csproj", "{1FD07E43-3B0D-4582-8AB2-7A526E652AE6}"
EndProject
Global
	GlobalSection(SolutionConfigurationPlatforms) = preSolution
		Debug|Any CPU = Debug|Any CPU
		Release|Any CPU = Release|Any CPU
	EndGlobalSection
	GlobalSection(ProjectConfigurationPlatforms) = postSolution
		{081B123E-0564-42E0-A84E-66E83AB33336}.Debug|Any CPU.ActiveCfg = Debug|Any CPU
		{081B123E-0564-42E0-A84E-66E83AB33336}.Debug|Any CPU.Build.0 = Debug|Any CPU
		{081B123E-0564-42E0-A84E-66E83AB33336}.Release|Any CPU.ActiveCfg = Release|Any CPU
		{081B123E-0564-42E0-A84E-66E83AB33336}.Release|Any CPU.Build.0 = Release|Any CPU
		{710BA642-40D2-451F-B2CD-F0D5618F151B}.Debug|Any CPU.ActiveCfg = Debug|Any CPU
		{710BA642-40D2-451F-B2CD-F0D5618F151B}.Debug|Any CPU.Build.0 = Debug|Any CPU
		{710BA642-40D2-451F-B2CD-F0D5618F151B}.Release|Any CPU.ActiveCfg = Release|Any CPU
		{710BA642-40D2-451F-B2CD-F0D5618F151B}.Release|Any CPU.Build.0 = Release|Any CPU
		{2F440802-E04D-41B8-98A3-8214E9659898}.Debug|Any CPU.ActiveCfg = Debug|Any CPU
		{2F440802-E04D-41B8-98A3-8214E9659898}.Debug|Any CPU.Build.0 = Debug|Any CPU
		{2F440802-E04D-41B8-98A3-8214E9659898}.Release|Any CPU.ActiveCfg = Release|Any CPU
		{2F440802-E04D-41B8-98A3-8214E9659898}.Release|Any CPU.Build.0 = Release|Any CPU
		{02A7467B-6732-4F47-85DD-CCEB8CBF59C9}.Debug|Any CPU.ActiveCfg = Debug|Any CPU
		{02A7467B-6732-4F47-85DD-CCEB8CBF59C9}.Debug|Any CPU.Build.0 = Debug|Any CPU
		{02A7467B-6732-4F47-85DD-CCEB8CBF59C9}.Release|Any CPU.ActiveCfg = Release|Any CPU
		{02A7467B-6732-4F47-85DD-CCEB8CBF59C9}.Release|Any CPU.Build.0 = Release|Any CPU
		{1FD07E43-3B0D-4582-8AB2-7A526E652AE6}.Debug|Any CPU.ActiveCfg = Debug|Any CPU
		{1FD07E43-3B0D-4582-8AB2-7A526E652AE6}.Debug|Any CPU.Build.0 = Debug|Any CPU
		{1FD07E43-3B0D-4582-8AB2-7A526E652AE6}.Release|Any CPU.ActiveCfg = Release|Any CPU
		{1FD07E43-3B0D-4582-8AB2-7A526E652AE6}.Release|Any CPU.Build.0 = Release|Any CPU
	EndGlobalSection
	GlobalSection(SolutionProperties) = preSolution
		HideSolutionNode = FALSE
	EndGlobalSection
	GlobalSection(NestedProjects) = preSolution
		{081B123E-0564-42E0-A84E-66E83AB33336} = {08389EBA-7CAD-40AB-AC15-C42B3D1C7AE7}
		{710BA642-40D2-451F-B2CD-F0D5618F151B} = {08389EBA-7CAD-40AB-AC15-C42B3D1C7AE7}
		{2F440802-E04D-41B8-98A3-8214E9659898} = {08389EBA-7CAD-40AB-AC15-C42B3D1C7AE7}
		{02A7467B-6732-4F47-85DD-CCEB8CBF59C9} = {08389EBA-7CAD-40AB-AC15-C42B3D1C7AE7}
		{1FD07E43-3B0D-4582-8AB2-7A526E652AE6} = {08389EBA-7CAD-40AB-AC15-C42B3D1C7AE7}
	EndGlobalSection
	GlobalSection(ExtensibilityGlobals) = postSolution
		SolutionGuid = {AFFF7D4B-1758-47A7-AA80-1F2DE4FDD5E3}
	EndGlobalSection
EndGlobal
